
Microsoft Visual Studio Solution File, Format Version 12.00
# Visual Studio Version 18
VisualStudioVersion = 18.0.11222.15 d18.0
MinimumVisualStudioVersion = 10.0.40219.1
Project("{FAE04EC0-301F-11D3-BF4B-00C04F79EFBC}") = "OddworldAccess", "OddworldAccess.csproj", "{51AA54B1-4ADB-A482-C124-894F83C60F1B}"
EndProject
Global
	GlobalSection(SolutionConfigurationPlatforms) = preSolution
		Debug|Any CPU = Debug|Any CPU
		Release|Any CPU = Release|Any CPU
	EndGlobalSection
	GlobalSection(ProjectConfigurationPlatforms) = postSolution
		{51AA54B1-4ADB-A482-C124-894F83C60F1B}.Debug|Any CPU.ActiveCfg = Debug|Any CPU
		{51AA54B1-4ADB-A482-C124-894F83C60F1B}.Debug|Any CPU.Build.0 = Debug|Any CPU
		{51AA54B1-4ADB-A482-C124-894F83C60F1B}.Release|Any CPU.ActiveCfg = Release|Any CPU
		{51AA54B1-4ADB-A482-C124-894F83C60F1B}.Release|Any CPU.Build.0 = Release|Any CPU
	EndGlobalSection
	GlobalSection(SolutionProperties) = preSolution
		HideSolutionNode = FALSE
	EndGlobalSection
	GlobalSection(ExtensibilityGlobals) = postSolution
		SolutionGuid = {11251B37-E0E0-4BD2-ADF1-73BB024D80F9}
	EndGlobalSection
EndGlobal
